// !$*UTF8*$!
{
	archiveVersion = 1;
	classes = {
	};
	objectVersion = 55;
	objects = {

/* Begin PBXBuildFile section */
		391CF79C27964D78009DF741 /* AppDelegate.swift in Sources */ = {isa = PBXBuildFile; fileRef = 391CF79B27964D78009DF741 /* AppDelegate.swift */; };
		391CF79E27964D78009DF741 /* SceneDelegate.swift in Sources */ = {isa = PBXBuildFile; fileRef = 391CF79D27964D78009DF741 /* SceneDelegate.swift */; };
		391CF7A027964D78009DF741 /* TestViewController.swift in Sources */ = {isa = PBXBuildFile; fileRef = 391CF79F27964D78009DF741 /* TestViewController.swift */; };
		391CF7A527964D79009DF741 /* Assets.xcassets in Resources */ = {isa = PBXBuildFile; fileRef = 391CF7A427964D79009DF741 /* Assets.xcassets */; };
		391CF7B127964DB8009DF741 /* LowEyeStrain.swift in Sources */ = {isa = PBXBuildFile; fileRef = 391CF7B027964DB8009DF741 /* LowEyeStrain.swift */; };
		391CF7B3279657A6009DF741 /* Pastels.swift in Sources */ = {isa = PBXBuildFile; fileRef = 391CF7B2279657A6009DF741 /* Pastels.swift */; };
		39A666CF279B33D3003246F9 /* SwipingCollectionViewController.swift in Sources */ = {isa = PBXBuildFile; fileRef = 39A666CE279B33D3003246F9 /* SwipingCollectionViewController.swift */; };
		39D7C90F279B891700DC930A /* AutoLayoutExtension.swift in Sources */ = {isa = PBXBuildFile; fileRef = 39D7C90E279B891700DC930A /* AutoLayoutExtension.swift */; };
/* End PBXBuildFile section */

/* Begin PBXFileReference section */
		391CF79827964D78009DF741 /* ResourcePackage.app */ = {isa = PBXFileReference; explicitFileType = wrapper.application; includeInIndex = 0; path = ResourcePackage.app; sourceTree = BUILT_PRODUCTS_DIR; };
		391CF79B27964D78009DF741 /* AppDelegate.swift */ = {isa = PBXFileReference; lastKnownFileType = sourcecode.swift; path = AppDelegate.swift; sourceTree = "<group>"; };
		391CF79D27964D78009DF741 /* SceneDelegate.swift */ = {isa = PBXFileReference; lastKnownFileType = sourcecode.swift; path = SceneDelegate.swift; sourceTree = "<group>"; };
		391CF79F27964D78009DF741 /* TestViewController.swift */ = {isa = PBXFileReference; lastKnownFileType = sourcecode.swift; path = TestViewController.swift; sourceTree = "<group>"; };
		391CF7A427964D79009DF741 /* Assets.xcassets */ = {isa = PBXFileReference; lastKnownFileType = folder.assetcatalog; path = Assets.xcassets; sourceTree = "<group>"; };
		391CF7A927964D79009DF741 /* Info.plist */ = {isa = PBXFileReference; lastKnownFileType = text.plist.xml; path = Info.plist; sourceTree = "<group>"; };
		391CF7B027964DB8009DF741 /* LowEyeStrain.swift */ = {isa = PBXFileReference; lastKnownFileType = sourcecode.swift; path = LowEyeStrain.swift; sourceTree = "<group>"; };
		391CF7B2279657A6009DF741 /* Pastels.swift */ = {isa = PBXFileReference; lastKnownFileType = sourcecode.swift; path = Pastels.swift; sourceTree = "<group>"; };
		39A666CE279B33D3003246F9 /* SwipingCollectionViewController.swift */ = {isa = PBXFileReference; lastKnownFileType = sourcecode.swift; path = SwipingCollectionViewController.swift; sourceTree = "<group>"; };
		39D7C90E279B891700DC930A /* AutoLayoutExtension.swift */ = {isa = PBXFileReference; indentWidth = 3; lastKnownFileType = sourcecode.swift; path = AutoLayoutExtension.swift; sourceTree = "<group>"; };
/* End PBXFileReference section */

/* Begin PBXFrameworksBuildPhase section */
		391CF79527964D78009DF741 /* Frameworks */ = {
			isa = PBXFrameworksBuildPhase;
			buildActionMask = 2147483647;
			files = (
			);
			runOnlyForDeploymentPostprocessing = 0;
		};
/* End PBXFrameworksBuildPhase section */

/* Begin PBXGroup section */
		391CF78F27964D78009DF741 = {
			isa = PBXGroup;
			children = (
				391CF79A27964D78009DF741 /* ResourcePackage */,
				391CF79927964D78009DF741 /* Products */,
			);
			sourceTree = "<group>";
		};
		391CF79927964D78009DF741 /* Products */ = {
			isa = PBXGroup;
			children = (
				391CF79827964D78009DF741 /* ResourcePackage.app */,
			);
			name = Products;
			sourceTree = "<group>";
		};
		391CF79A27964D78009DF741 /* ResourcePackage */ = {
			isa = PBXGroup;
			children = (
				391CF7AF27964DA3009DF741 /* Colors */,
				391CF79B27964D78009DF741 /* AppDelegate.swift */,
				391CF79F27964D78009DF741 /* TestViewController.swift */,
				391CF79D27964D78009DF741 /* SceneDelegate.swift */,
				391CF7A427964D79009DF741 /* Assets.xcassets */,
				391CF7A927964D79009DF741 /* Info.plist */,
				39A666CE279B33D3003246F9 /* SwipingCollectionViewController.swift */,
				39D7C90E279B891700DC930A /* AutoLayoutExtension.swift */,
			);
			path = ResourcePackage;
			sourceTree = "<group>";
		};
		391CF7AF27964DA3009DF741 /* Colors */ = {
			isa = PBXGroup;
			children = (
				391CF7B027964DB8009DF741 /* LowEyeStrain.swift */,
				391CF7B2279657A6009DF741 /* Pastels.swift */,
			);
			path = Colors;
			sourceTree = "<group>";
		};
/* End PBXGroup section */

/* Begin PBXNativeTarget section */
		391CF79727964D78009DF741 /* ResourcePackage */ = {
			isa = PBXNativeTarget;
			buildConfigurationList = 391CF7AC27964D79009DF741 /* Build configuration list for PBXNativeTarget "ResourcePackage" */;
			buildPhases = (
				391CF79427964D78009DF741 /* Sources */,
				391CF79527964D78009DF741 /* Frameworks */,
				391CF79627964D78009DF741 /* Resources */,
			);
			buildRules = (
			);
			dependencies = (
			);
			name = ResourcePackage;
			productName = ResourcePackage;
			productReference = 391CF79827964D78009DF741 /* ResourcePackage.app */;
			productType = "com.apple.product-type.application";
		};
/* End PBXNativeTarget section */

/* Begin PBXProject section */
		391CF79027964D78009DF741 /* Project object */ = {
			isa = PBXProject;
			attributes = {
				BuildIndependentTargetsInParallel = 1;
				LastSwiftUpdateCheck = 1310;
				LastUpgradeCheck = 1310;
				TargetAttributes = {
					391CF79727964D78009DF741 = {
						CreatedOnToolsVersion = 13.1;
					};
				};
			};
			buildConfigurationList = 391CF79327964D78009DF741 /* Build configuration list for PBXProject "ResourcePackage" */;
			compatibilityVersion = "Xcode 13.0";
			developmentRegion = en;
			hasScannedForEncodings = 0;
			knownRegions = (
				en,
				Base,
			);
			mainGroup = 391CF78F27964D78009DF741;
			productRefGroup = 391CF79927964D78009DF741 /* Products */;
			projectDirPath = "";
			projectRoot = "";
			targets = (
				391CF79727964D78009DF741 /* ResourcePackage */,
			);
		};
/* End PBXProject section */

/* Begin PBXResourcesBuildPhase section */
		391CF79627964D78009DF741 /* Resources */ = {
			isa = PBXResourcesBuildPhase;
			buildActionMask = 2147483647;
			files = (
				391CF7A527964D79009DF741 /* Assets.xcassets in Resources */,
			);
			runOnlyForDeploymentPostprocessing = 0;
		};
/* End PBXResourcesBuildPhase section */

/* Begin PBXSourcesBuildPhase section */
		391CF79427964D78009DF741 /* Sources */ = {
			isa = PBXSourcesBuildPhase;
			buildActionMask = 2147483647;
			files = (
				391CF7B3279657A6009DF741 /* Pastels.swift in Sources */,
				391CF7A027964D78009DF741 /* TestViewController.swift in Sources */,
				391CF79C27964D78009DF741 /* AppDelegate.swift in Sources */,
				391CF79E27964D78009DF741 /* SceneDelegate.swift in Sources */,
				39A666CF279B33D3003246F9 /* SwipingCollectionViewController.swift in Sources */,
				391CF7B127964DB8009DF741 /* LowEyeStrain.swift in Sources */,
				39D7C90F279B891700DC930A /* AutoLayoutExtension.swift in Sources */,
			);
			runOnlyForDeploymentPostprocessing = 0;
		};
/* End PBXSourcesBuildPhase section */

/* Begin XCBuildConfiguration section */
		391CF7AA27964D79009DF741 /* Debug */ = {
			isa = XCBuildConfiguration;
			buildSettings = {
				ALWAYS_SEARCH_USER_PATHS = NO;
				CLANG_ANALYZER_NONNULL = YES;
				CLANG_ANALYZER_NUMBER_OBJECT_CONVERSION = YES_AGGRESSIVE;
				CLANG_CXX_LANGUAGE_STANDARD = "gnu++17";
				CLANG_CXX_LIBRARY = "libc++";
				CLANG_ENABLE_MODULES = YES;
				CLANG_ENABLE_OBJC_ARC = YES;
				CLANG_ENABLE_OBJC_WEAK = YES;
				CLANG_WARN_BLOCK_CAPTURE_AUTORELEASING = YES;
				CLANG_WARN_BOOL_CONVERSION = YES;
				CLANG_WARN_COMMA = YES;
				CLANG_WARN_CONSTANT_CONVERSION = YES;
				CLANG_WARN_DEPRECATED_OBJC_IMPLEMENTATIONS = YES;
				CLANG_WARN_DIRECT_OBJC_ISA_USAGE = YES_ERROR;
				CLANG_WARN_DOCUMENTATION_COMMENTS = YES;
				CLANG_WARN_EMPTY_BODY = YES;
				CLANG_WARN_ENUM_CONVERSION = YES;
				CLANG_WARN_INFINITE_RECURSION = YES;
				CLANG_WARN_INT_CONVERSION = YES;
				CLANG_WARN_NON_LITERAL_NULL_CONVERSION = YES;
				CLANG_WARN_OBJC_IMPLICIT_RETAIN_SELF = YES;
				CLANG_WARN_OBJC_LITERAL_CONVERSION = YES;
				CLANG_WARN_OBJC_ROOT_CLASS = YES_ERROR;
				CLANG_WARN_QUOTED_INCLUDE_IN_FRAMEWORK_HEADER = YES;
				CLANG_WARN_RANGE_LOOP_ANALYSIS = YES;
				CLANG_WARN_STRICT_PROTOTYPES = YES;
				CLANG_WARN_SUSPICIOUS_MOVE = YES;
				CLANG_WARN_UNGUARDED_AVAILABILITY = YES_AGGRESSIVE;
				CLANG_WARN_UNREACHABLE_CODE = YES;
				CLANG_WARN__DUPLICATE_METHOD_MATCH = YES;
				COPY_PHASE_STRIP = NO;
				DEBUG_INFORMATION_FORMAT = dwarf;
				ENABLE_STRICT_OBJC_MSGSEND = YES;
				ENABLE_TESTABILITY = YES;
				GCC_C_LANGUAGE_STANDARD = gnu11;
				GCC_DYNAMIC_NO_PIC = NO;
				GCC_NO_COMMON_BLOCKS = YES;
				GCC_OPTIMIZATION_LEVEL = 0;
				GCC_PREPROCESSOR_DEFINITIONS = (
					"DEBUG=1",
					"$(inherited)",
				);
				GCC_WARN_64_TO_32_BIT_CONVERSION = YES;
				GCC_WARN_ABOUT_RETURN_TYPE = YES_ERROR;
				GCC_WARN_UNDECLARED_SELECTOR = YES;
				GCC_WARN_UNINITIALIZED_AUTOS = YES_AGGRESSIVE;
				GCC_WARN_UNUSED_FUNCTION = YES;
				GCC_WARN_UNUSED_VARIABLE = YES;
				IPHONEOS_DEPLOYMENT_TARGET = 15.0;
				MTL_ENABLE_DEBUG_INFO = INCLUDE_SOURCE;
				MTL_FAST_MATH = YES;
				ONLY_ACTIVE_ARCH = YES;
				SDKROOT = iphoneos;
				SWIFT_ACTIVE_COMPILATION_CONDITIONS = DEBUG;
				SWIFT_OPTIMIZATION_LEVEL = "-Onone";
			};
			name = Debug;
		};
		391CF7AB27964D79009DF741 /* Release */ = {
			isa = XCBuildConfiguration;
			buildSettings = {
				ALWAYS_SEARCH_USER_PATHS = NO;
				CLANG_ANALYZER_NONNULL = YES;
				CLANG_ANALYZER_NUMBER_OBJECT_CONVERSION = YES_AGGRESSIVE;
				CLANG_CXX_LANGUAGE_STANDARD = "gnu++17";
				CLANG_CXX_LIBRARY = "libc++";
				CLANG_ENABLE_MODULES = YES;
				CLANG_ENABLE_OBJC_ARC = YES;
				CLANG_ENABLE_OBJC_WEAK = YES;
				CLANG_WARN_BLOCK_CAPTURE_AUTORELEASING = YES;
				CLANG_WARN_BOOL_CONVERSION = YES;
				CLANG_WARN_COMMA = YES;
				CLANG_WARN_CONSTANT_CONVERSION = YES;
				CLANG_WARN_DEPRECATED_OBJC_IMPLEMENTATIONS = YES;
				CLANG_WARN_DIRECT_OBJC_ISA_USAGE = YES_ERROR;
				CLANG_WARN_DOCUMENTATION_COMMENTS = YES;
				CLANG_WARN_EMPTY_BODY = YES;
				CLANG_WARN_ENUM_CONVERSION = YES;
				CLANG_WARN_INFINITE_RECURSION = YES;
				CLANG_WARN_INT_CONVERSION = YES;
				CLANG_WARN_NON_LITERAL_NULL_CONVERSION = YES;
				CLANG_WARN_OBJC_IMPLICIT_RETAIN_SELF = YES;
				CLANG_WARN_OBJC_LITERAL_CONVERSION = YES;
				CLANG_WARN_OBJC_ROOT_CLASS = YES_ERROR;
				CLANG_WARN_QUOTED_INCLUDE_IN_FRAMEWORK_HEADER = YES;
				CLANG_WARN_RANGE_LOOP_ANALYSIS = YES;
				CLANG_WARN_STRICT_PROTOTYPES = YES;
				CLANG_WARN_SUSPICIOUS_MOVE = YES;
				CLANG_WARN_UNGUARDED_AVAILABILITY = YES_AGGRESSIVE;
				CLANG_WARN_UNREACHABLE_CODE = YES;
				CLANG_WARN__DUPLICATE_METHOD_MATCH = YES;
				COPY_PHASE_STRIP = NO;
				DEBUG_INFORMATION_FORMAT = "dwarf-with-dsym";
				ENABLE_NS_ASSERTIONS = NO;
				ENABLE_STRICT_OBJC_MSGSEND = YES;
				GCC_C_LANGUAGE_STANDARD = gnu11;
				GCC_NO_COMMON_BLOCKS = YES;
				GCC_WARN_64_TO_32_BIT_CONVERSION = YES;
				GCC_WARN_ABOUT_RETURN_TYPE = YES_ERROR;
				GCC_WARN_UNDECLARED_SELECTOR = YES;
				GCC_WARN_UNINITIALIZED_AUTOS = YES_AGGRESSIVE;
				GCC_WARN_UNUSED_FUNCTION = YES;
				GCC_WARN_UNUSED_VARIABLE = YES;
				IPHONEOS_DEPLOYMENT_TARGET = 15.0;
				MTL_ENABLE_DEBUG_INFO = NO;
				MTL_FAST_MATH = YES;
				SDKROOT = iphoneos;
				SWIFT_COMPILATION_MODE = wholemodule;
				SWIFT_OPTIMIZATION_LEVEL = "-O";
				VALIDATE_PRODUCT = YES;
			};
			name = Release;
		};
		391CF7AD27964D79009DF741 /* Debug */ = {
			isa = XCBuildConfiguration;
			buildSettings = {
				ASSETCATALOG_COMPILER_APPICON_NAME = AppIcon;
				ASSETCATALOG_COMPILER_GLOBAL_ACCENT_COLOR_NAME = AccentColor;
				CODE_SIGN_STYLE = Automatic;
				CURRENT_PROJECT_VERSION = 1;
				DEVELOPMENT_TEAM = 2TDHS439TN;
				GENERATE_INFOPLIST_FILE = YES;
				INFOPLIST_FILE = ResourcePackage/Info.plist;
				INFOPLIST_KEY_UIApplicationSceneManifest_Generation = NO;
				INFOPLIST_KEY_UIApplicationSupportsIndirectInputEvents = YES;
				INFOPLIST_KEY_UILaunchStoryboardName = LaunchScreen;
				INFOPLIST_KEY_UISupportedInterfaceOrientations_iPad = "UIInterfaceOrientationPortrait UIInterfaceOrientationPortraitUpsideDown UIInterfaceOrientationLandscapeLeft UIInterfaceOrientationLandscapeRight";
				INFOPLIST_KEY_UISupportedInterfaceOrientations_iPhone = "UIInterfaceOrientationPortrait UIInterfaceOrientationLandscapeLeft UIInterfaceOrientationLandscapeRight";
				LD_RUNPATH_SEARCH_PATHS = (
					"$(inherited)",
					"@executable_path/Frameworks",
				);
				MARKETING_VERSION = 1.0;
				PRODUCT_BUNDLE_IDENTIFIER = com.nataliekim.ResourcePackage;
				PRODUCT_NAME = "$(TARGET_NAME)";
				SWIFT_EMIT_LOC_STRINGS = YES;
				SWIFT_VERSION = 5.0;
				TARGETED_DEVICE_FAMILY = "1,2";
			};
			name = Debug;
		};
		391CF7AE27964D79009DF741 /* Release */ = {
			isa = XCBuildConfiguration;
			buildSettings = {
				ASSETCATALOG_COMPILER_APPICON_NAME = AppIcon;
				ASSETCATALOG_COMPILER_GLOBAL_ACCENT_COLOR_NAME = AccentColor;
				CODE_SIGN_STYLE = Automatic;
				CURRENT_PROJECT_VERSION = 1;
				DEVELOPMENT_TEAM = 2TDHS439TN;
				GENERATE_INFOPLIST_FILE = YES;
				INFOPLIST_FILE = ResourcePackage/Info.plist;
				INFOPLIST_KEY_UIApplicationSceneManifest_Generation = NO;
				INFOPLIST_KEY_UIApplicationSupportsIndirectInputEvents = YES;
				INFOPLIST_KEY_UILaunchStoryboardName = LaunchScreen;
				INFOPLIST_KEY_UISupportedInterfaceOrientations_iPad = "UIInterfaceOrientationPortrait UIInterfaceOrientationPortraitUpsideDown UIInterfaceOrientationLandscapeLeft UIInterfaceOrientationLandscapeRight";
				INFOPLIST_KEY_UISupportedInterfaceOrientations_iPhone = "UIInterfaceOrientationPortrait UIInterfaceOrientationLandscapeLeft UIInterfaceOrientationLandscapeRight";
				LD_RUNPATH_SEARCH_PATHS = (
					"$(inherited)",
					"@executable_path/Frameworks",
				);
				MARKETING_VERSION = 1.0;
				PRODUCT_BUNDLE_IDENTIFIER = com.nataliekim.ResourcePackage;
				PRODUCT_NAME = "$(TARGET_NAME)";
				SWIFT_EMIT_LOC_STRINGS = YES;
				SWIFT_VERSION = 5.0;
				TARGETED_DEVICE_FAMILY = "1,2";
			};
			name = Release;
		};
/* End XCBuildConfiguration section */

/* Begin XCConfigurationList section */
		391CF79327964D78009DF741 /* Build configuration list for PBXProject "ResourcePackage" */ = {
			isa = XCConfigurationList;
			buildConfigurations = (
				391CF7AA27964D79009DF741 /* Debug */,
				391CF7AB27964D79009DF741 /* Release */,
			);
			defaultConfigurationIsVisible = 0;
			defaultConfigurationName = Release;
		};
		391CF7AC27964D79009DF741 /* Build configuration list for PBXNativeTarget "ResourcePackage" */ = {
			isa = XCConfigurationList;
			buildConfigurations = (
				391CF7AD27964D79009DF741 /* Debug */,
				391CF7AE27964D79009DF741 /* Release */,
			);
			defaultConfigurationIsVisible = 0;
			defaultConfigurationName = Release;
		};
/* End XCConfigurationList section */
	};
	rootObject = 391CF79027964D78009DF741 /* Project object */;
}
